
Microsoft Visual Studio Solution File, Format Version 12.00
# Visual Studio Version 17
VisualStudioVersion = 17.4.33122.133
MinimumVisualStudioVersion = 10.0.40219.1
Project("{FAE04EC0-301F-11D3-BF4B-00C04F79EFBC}") = "View", "TCC_Pizzaria\View.csproj", "{B78189B1-3EF3-4974-95A5-CBD5DE4504D1}"
EndProject
Project("{FAE04EC0-301F-11D3-BF4B-00C04F79EFBC}") = "Model", "Model\Model.csproj", "{531874DE-5AE1-416C-84F3-76DBF89E003C}"
EndProject
Project("{FAE04EC0-301F-11D3-BF4B-00C04F79EFBC}") = "Controller", "Controller\Controller.csproj", "{4A96FAC7-AC91-4382-857C-B70A3D266AA6}"
EndProject
Global
	GlobalSection(SolutionConfigurationPlatforms) = preSolution
		Debug|Any CPU = Debug|Any CPU
		Release|Any CPU = Release|Any CPU
	EndGlobalSection
	GlobalSection(ProjectConfigurationPlatforms) = postSolution
		{B78189B1-3EF3-4974-95A5-CBD5DE4504D1}.Debug|Any CPU.ActiveCfg = Debug|Any CPU
		{B78189B1-3EF3-4974-95A5-CBD5DE4504D1}.Debug|Any CPU.Build.0 = Debug|Any CPU
		{B78189B1-3EF3-4974-95A5-CBD5DE4504D1}.Release|Any CPU.ActiveCfg = Release|Any CPU
		{B78189B1-3EF3-4974-95A5-CBD5DE4504D1}.Release|Any CPU.Build.0 = Release|Any CPU
		{531874DE-5AE1-416C-84F3-76DBF89E003C}.Debug|Any CPU.ActiveCfg = Debug|Any CPU
		{531874DE-5AE1-416C-84F3-76DBF89E003C}.Debug|Any CPU.Build.0 = Debug|Any CPU
		{531874DE-5AE1-416C-84F3-76DBF89E003C}.Release|Any CPU.ActiveCfg = Release|Any CPU
		{531874DE-5AE1-416C-84F3-76DBF89E003C}.Release|Any CPU.Build.0 = Release|Any CPU
		{4A96FAC7-AC91-4382-857C-B70A3D266AA6}.Debug|Any CPU.ActiveCfg = Debug|Any CPU
		{4A96FAC7-AC91-4382-857C-B70A3D266AA6}.Debug|Any CPU.Build.0 = Debug|Any CPU
		{4A96FAC7-AC91-4382-857C-B70A3D266AA6}.Release|Any CPU.ActiveCfg = Release|Any CPU
		{4A96FAC7-AC91-4382-857C-B70A3D266AA6}.Release|Any CPU.Build.0 = Release|Any CPU
	EndGlobalSection
	GlobalSection(SolutionProperties) = preSolution
		HideSolutionNode = FALSE
	EndGlobalSection
	GlobalSection(ExtensibilityGlobals) = postSolution
		SolutionGuid = {B7599B63-E86C-4A1C-822A-180F5D6063EC}
	EndGlobalSection
EndGlobal
